
Microsoft Visual Studio Solution File, Format Version 12.00
# Visual Studio Version 17
VisualStudioVersion = 17.7.34031.279
MinimumVisualStudioVersion = 10.0.40219.1
Project("{FAE04EC0-301F-11D3-BF4B-00C04F79EFBC}") = "Scheduling", "Scheduling\Scheduling.csproj", "{0FD0ADE4-01FD-45AE-A17F-22F861BAC1FD}"
EndProject
Global
	GlobalSection(SolutionConfigurationPlatforms) = preSolution
		Debug|Any CPU = Debug|Any CPU
		Release|Any CPU = Release|Any CPU
	EndGlobalSection
	GlobalSection(ProjectConfigurationPlatforms) = postSolution
		{0FD0ADE4-01FD-45AE-A17F-22F861BAC1FD}.Debug|Any CPU.ActiveCfg = Debug|Any CPU
		{0FD0ADE4-01FD-45AE-A17F-22F861BAC1FD}.Debug|Any CPU.Build.0 = Debug|Any CPU
		{0FD0ADE4-01FD-45AE-A17F-22F861BAC1FD}.Release|Any CPU.ActiveCfg = Release|Any CPU
		{0FD0ADE4-01FD-45AE-A17F-22F861BAC1FD}.Release|Any CPU.Build.0 = Release|Any CPU
	EndGlobalSection
	GlobalSection(SolutionProperties) = preSolution
		HideSolutionNode = FALSE
	EndGlobalSection
	GlobalSection(ExtensibilityGlobals) = postSolution
		SolutionGuid = {9296ED16-AF46-405E-92F5-85E2D11AC92B}
	EndGlobalSection
EndGlobal
